
Microsoft Visual Studio Solution File, Format Version 12.00
# Visual Studio Version 16
VisualStudioVersion = 16.0.29025.244
MinimumVisualStudioVersion = 10.0.40219.1
Project("{FAE04EC0-301F-11D3-BF4B-00C04F79EFBC}") = "tiandalinea", "tiandalinea\tiandalinea.csproj", "{FCB26679-7B39-4262-9699-4E68D9181011}"
EndProject
Global
	GlobalSection(SolutionConfigurationPlatforms) = preSolution
		Debug|Any CPU = Debug|Any CPU
		Release|Any CPU = Release|Any CPU
	EndGlobalSection
	GlobalSection(ProjectConfigurationPlatforms) = postSolution
		{FCB26679-7B39-4262-9699-4E68D9181011}.Debug|Any CPU.ActiveCfg = Debug|Any CPU
		{FCB26679-7B39-4262-9699-4E68D9181011}.Debug|Any CPU.Build.0 = Debug|Any CPU
		{FCB26679-7B39-4262-9699-4E68D9181011}.Release|Any CPU.ActiveCfg = Release|Any CPU
		{FCB26679-7B39-4262-9699-4E68D9181011}.Release|Any CPU.Build.0 = Release|Any CPU
	EndGlobalSection
	GlobalSection(SolutionProperties) = preSolution
		HideSolutionNode = FALSE
	EndGlobalSection
	GlobalSection(ExtensibilityGlobals) = postSolution
		SolutionGuid = {A15BCF0C-B989-4809-BF73-E6ACEB6E2ACC}
	EndGlobalSection
EndGlobal
